
Microsoft Visual Studio Solution File, Format Version 12.00
# Visual Studio Version 17
VisualStudioVersion = 17.9.34622.214
MinimumVisualStudioVersion = 10.0.40219.1
Project("{FAE04EC0-301F-11D3-BF4B-00C04F79EFBC}") = "MyFileExplorer", "MyFileExplorer\MyFileExplorer.csproj", "{95D23710-1A11-48F3-B92A-19C9AE7F70D2}"
EndProject
Global
	GlobalSection(SolutionConfigurationPlatforms) = preSolution
		Debug|Any CPU = Debug|Any CPU
		Release|Any CPU = Release|Any CPU
	EndGlobalSection
	GlobalSection(ProjectConfigurationPlatforms) = postSolution
		{95D23710-1A11-48F3-B92A-19C9AE7F70D2}.Debug|Any CPU.ActiveCfg = Debug|Any CPU
		{95D23710-1A11-48F3-B92A-19C9AE7F70D2}.Debug|Any CPU.Build.0 = Debug|Any CPU
		{95D23710-1A11-48F3-B92A-19C9AE7F70D2}.Release|Any CPU.ActiveCfg = Release|Any CPU
		{95D23710-1A11-48F3-B92A-19C9AE7F70D2}.Release|Any CPU.Build.0 = Release|Any CPU
	EndGlobalSection
	GlobalSection(SolutionProperties) = preSolution
		HideSolutionNode = FALSE
	EndGlobalSection
	GlobalSection(ExtensibilityGlobals) = postSolution
		SolutionGuid = {3633ACC9-974A-439D-A81F-F887DABF154A}
	EndGlobalSection
EndGlobal
